
Microsoft Visual Studio Solution File, Format Version 11.00
# Visual Studio 2010
Project("{FAE04EC0-301F-11D3-BF4B-00C04F79EFBC}") = "ScreenCaptureDemo", "ScreenCaptureDemo.csproj", "{833B56CB-AA74-4E24-92AF-69453AD4E3AE}"
EndProject
Global
	GlobalSection(SolutionConfigurationPlatforms) = preSolution
		Debug|x86 = Debug|x86
		Release|x86 = Release|x86
	EndGlobalSection
	GlobalSection(ProjectConfigurationPlatforms) = postSolution
		{833B56CB-AA74-4E24-92AF-69453AD4E3AE}.Debug|x86.ActiveCfg = Debug|x86
		{833B56CB-AA74-4E24-92AF-69453AD4E3AE}.Debug|x86.Build.0 = Debug|x86
		{833B56CB-AA74-4E24-92AF-69453AD4E3AE}.Release|x86.ActiveCfg = Release|x86
		{833B56CB-AA74-4E24-92AF-69453AD4E3AE}.Release|x86.Build.0 = Release|x86
	EndGlobalSection
	GlobalSection(SolutionProperties) = preSolution
		HideSolutionNode = FALSE
	EndGlobalSection
EndGlobal
